
Microsoft Visual Studio Solution File, Format Version 12.00
# Visual Studio Version 17
VisualStudioVersion = 17.3.32929.385
MinimumVisualStudioVersion = 10.0.40219.1
Project("{FAE04EC0-301F-11D3-BF4B-00C04F79EFBC}") = "eTickets", "eTickets\eTickets.csproj", "{F3BA8BD2-C79A-49DD-BFF1-93EC53FA7532}"
EndProject
Global
	GlobalSection(SolutionConfigurationPlatforms) = preSolution
		Debug|Any CPU = Debug|Any CPU
		Release|Any CPU = Release|Any CPU
	EndGlobalSection
	GlobalSection(ProjectConfigurationPlatforms) = postSolution
		{F3BA8BD2-C79A-49DD-BFF1-93EC53FA7532}.Debug|Any CPU.ActiveCfg = Debug|Any CPU
		{F3BA8BD2-C79A-49DD-BFF1-93EC53FA7532}.Debug|Any CPU.Build.0 = Debug|Any CPU
		{F3BA8BD2-C79A-49DD-BFF1-93EC53FA7532}.Release|Any CPU.ActiveCfg = Release|Any CPU
		{F3BA8BD2-C79A-49DD-BFF1-93EC53FA7532}.Release|Any CPU.Build.0 = Release|Any CPU
	EndGlobalSection
	GlobalSection(SolutionProperties) = preSolution
		HideSolutionNode = FALSE
	EndGlobalSection
	GlobalSection(ExtensibilityGlobals) = postSolution
		SolutionGuid = {E1A2E8D9-A322-429D-8FB9-779D9D4CDF75}
	EndGlobalSection
EndGlobal
